
Microsoft Visual Studio Solution File, Format Version 12.00
# Visual Studio 15
VisualStudioVersion = 15.0.28010.2050
MinimumVisualStudioVersion = 10.0.40219.1
Project("{FAE04EC0-301F-11D3-BF4B-00C04F79EFBC}") = "DateTimeOffsetConverter.Android", "DateTimeOffsetConverter\DateTimeOffsetConverter.Android\DateTimeOffsetConverter.Android.csproj", "{4E05B02C-23CC-4246-B921-54DC2D94F8B4}"
EndProject
Project("{FAE04EC0-301F-11D3-BF4B-00C04F79EFBC}") = "DateTimeOffsetConverter.iOS", "DateTimeOffsetConverter\DateTimeOffsetConverter.iOS\DateTimeOffsetConverter.iOS.csproj", "{8E1B2C94-BE33-4678-885F-8CF5A45AC700}"
EndProject
Project("{FAE04EC0-301F-11D3-BF4B-00C04F79EFBC}") = "DateTimeOffsetConverter.UWP", "DateTimeOffsetConverter\DateTimeOffsetConverter.UWP\DateTimeOffsetConverter.UWP.csproj", "{ED6954F0-1098-4E49-AF15-586B845C23DE}"
EndProject
Project("{FAE04EC0-301F-11D3-BF4B-00C04F79EFBC}") = "DateTimeOffsetConverter", "DateTimeOffsetConverter\DateTimeOffsetConverter\DateTimeOffsetConverter.csproj", "{C659250B-224C-445E-B379-D0BE9F53A01C}"
EndProject
Global
	GlobalSection(SolutionConfigurationPlatforms) = preSolution
		Ad-Hoc|Any CPU = Ad-Hoc|Any CPU
		Ad-Hoc|ARM = Ad-Hoc|ARM
		Ad-Hoc|iPhone = Ad-Hoc|iPhone
		Ad-Hoc|iPhoneSimulator = Ad-Hoc|iPhoneSimulator
		Ad-Hoc|x64 = Ad-Hoc|x64
		Ad-Hoc|x86 = Ad-Hoc|x86
		AppStore|Any CPU = AppStore|Any CPU
		AppStore|ARM = AppStore|ARM
		AppStore|iPhone = AppStore|iPhone
		AppStore|iPhoneSimulator = AppStore|iPhoneSimulator
		AppStore|x64 = AppStore|x64
		AppStore|x86 = AppStore|x86
		Debug|Any CPU = Debug|Any CPU
		Debug|ARM = Debug|ARM
		Debug|iPhone = Debug|iPhone
		Debug|iPhoneSimulator = Debug|iPhoneSimulator
		Debug|x64 = Debug|x64
		Debug|x86 = Debug|x86
		Release|Any CPU = Release|Any CPU
		Release|ARM = Release|ARM
		Release|iPhone = Release|iPhone
		Release|iPhoneSimulator = Release|iPhoneSimulator
		Release|x64 = Release|x64
		Release|x86 = Release|x86
	EndGlobalSection
	GlobalSection(ProjectConfigurationPlatforms) = postSolution
		{4E05B02C-23CC-4246-B921-54DC2D94F8B4}.Ad-Hoc|Any CPU.ActiveCfg = Release|Any CPU
		{4E05B02C-23CC-4246-B921-54DC2D94F8B4}.Ad-Hoc|Any CPU.Build.0 = Release|Any CPU
		{4E05B02C-23CC-4246-B921-54DC2D94F8B4}.Ad-Hoc|Any CPU.Deploy.0 = Release|Any CPU
		{4E05B02C-23CC-4246-B921-54DC2D94F8B4}.Ad-Hoc|ARM.ActiveCfg = Release|Any CPU
		{4E05B02C-23CC-4246-B921-54DC2D94F8B4}.Ad-Hoc|ARM.Build.0 = Release|Any CPU
		{4E05B02C-23CC-4246-B921-54DC2D94F8B4}.Ad-Hoc|ARM.Deploy.0 = Release|Any CPU
		{4E05B02C-23CC-4246-B921-54DC2D94F8B4}.Ad-Hoc|iPhone.ActiveCfg = Release|Any CPU
		{4E05B02C-23CC-4246-B921-54DC2D94F8B4}.Ad-Hoc|iPhone.Build.0 = Release|Any CPU
		{4E05B02C-23CC-4246-B921-54DC2D94F8B4}.Ad-Hoc|iPhone.Deploy.0 = Release|Any CPU
		{4E05B02C-23CC-4246-B921-54DC2D94F8B4}.Ad-Hoc|iPhoneSimulator.ActiveCfg = Release|Any CPU
		{4E05B02C-23CC-4246-B921-54DC2D94F8B4}.Ad-Hoc|iPhoneSimulator.Build.0 = Release|Any CPU
		{4E05B02C-23CC-4246-B921-54DC2D94F8B4}.Ad-Hoc|iPhoneSimulator.Deploy.0 = Release|Any CPU
		{4E05B02C-23CC-4246-B921-54DC2D94F8B4}.Ad-Hoc|x64.ActiveCfg = Release|Any CPU
		{4E05B02C-23CC-4246-B921-54DC2D94F8B4}.Ad-Hoc|x64.Build.0 = Release|Any CPU
		{4E05B02C-23CC-4246-B921-54DC2D94F8B4}.Ad-Hoc|x64.Deploy.0 = Release|Any CPU
		{4E05B02C-23CC-4246-B921-54DC2D94F8B4}.Ad-Hoc|x86.ActiveCfg = Release|Any CPU
		{4E05B02C-23CC-4246-B921-54DC2D94F8B4}.Ad-Hoc|x86.Build.0 = Release|Any CPU
		{4E05B02C-23CC-4246-B921-54DC2D94F8B4}.Ad-Hoc|x86.Deploy.0 = Release|Any CPU
		{4E05B02C-23CC-4246-B921-54DC2D94F8B4}.AppStore|Any CPU.ActiveCfg = Release|Any CPU
		{4E05B02C-23CC-4246-B921-54DC2D94F8B4}.AppStore|Any CPU.Build.0 = Release|Any CPU
		{4E05B02C-23CC-4246-B921-54DC2D94F8B4}.AppStore|Any CPU.Deploy.0 = Release|Any CPU
		{4E05B02C-23CC-4246-B921-54DC2D94F8B4}.AppStore|ARM.ActiveCfg = Release|Any CPU
		{4E05B02C-23CC-4246-B921-54DC2D94F8B4}.AppStore|ARM.Build.0 = Release|Any CPU
		{4E05B02C-23CC-4246-B921-54DC2D94F8B4}.AppStore|ARM.Deploy.0 = Release|Any CPU
		{4E05B02C-23CC-4246-B921-54DC2D94F8B4}.AppStore|iPhone.ActiveCfg = Release|Any CPU
		{4E05B02C-23CC-4246-B921-54DC2D94F8B4}.AppStore|iPhone.Build.0 = Release|Any CPU
		{4E05B02C-23CC-4246-B921-54DC2D94F8B4}.AppStore|iPhone.Deploy.0 = Release|Any CPU
		{4E05B02C-23CC-4246-B921-54DC2D94F8B4}.AppStore|iPhoneSimulator.ActiveCfg = Release|Any CPU
		{4E05B02C-23CC-4246-B921-54DC2D94F8B4}.AppStore|iPhoneSimulator.Build.0 = Release|Any CPU
		{4E05B02C-23CC-4246-B921-54DC2D94F8B4}.AppStore|iPhoneSimulator.Deploy.0 = Release|Any CPU
		{4E05B02C-23CC-4246-B921-54DC2D94F8B4}.AppStore|x64.ActiveCfg = Release|Any CPU
		{4E05B02C-23CC-4246-B921-54DC2D94F8B4}.AppStore|x64.Build.0 = Release|Any CPU
		{4E05B02C-23CC-4246-B921-54DC2D94F8B4}.AppStore|x64.Deploy.0 = Release|Any CPU
		{4E05B02C-23CC-4246-B921-54DC2D94F8B4}.AppStore|x86.ActiveCfg = Release|Any CPU
		{4E05B02C-23CC-4246-B921-54DC2D94F8B4}.AppStore|x86.Build.0 = Release|Any CPU
		{4E05B02C-23CC-4246-B921-54DC2D94F8B4}.AppStore|x86.Deploy.0 = Release|Any CPU
		{4E05B02C-23CC-4246-B921-54DC2D94F8B4}.Debug|Any CPU.ActiveCfg = Debug|Any CPU
		{4E05B02C-23CC-4246-B921-54DC2D94F8B4}.Debug|Any CPU.Build.0 = Debug|Any CPU
		{4E05B02C-23CC-4246-B921-54DC2D94F8B4}.Debug|Any CPU.Deploy.0 = Debug|Any CPU
		{4E05B02C-23CC-4246-B921-54DC2D94F8B4}.Debug|ARM.ActiveCfg = Debug|Any CPU
		{4E05B02C-23CC-4246-B921-54DC2D94F8B4}.Debug|ARM.Build.0 = Debug|Any CPU
		{4E05B02C-23CC-4246-B921-54DC2D94F8B4}.Debug|ARM.Deploy.0 = Debug|Any CPU
		{4E05B02C-23CC-4246-B921-54DC2D94F8B4}.Debug|iPhone.ActiveCfg = Debug|Any CPU
		{4E05B02C-23CC-4246-B921-54DC2D94F8B4}.Debug|iPhone.Build.0 = Debug|Any CPU
		{4E05B02C-23CC-4246-B921-54DC2D94F8B4}.Debug|iPhone.Deploy.0 = Debug|Any CPU
		{4E05B02C-23CC-4246-B921-54DC2D94F8B4}.Debug|iPhoneSimulator.ActiveCfg = Debug|Any CPU
		{4E05B02C-23CC-4246-B921-54DC2D94F8B4}.Debug|iPhoneSimulator.Build.0 = Debug|Any CPU
		{4E05B02C-23CC-4246-B921-54DC2D94F8B4}.Debug|iPhoneSimulator.Deploy.0 = Debug|Any CPU
		{4E05B02C-23CC-4246-B921-54DC2D94F8B4}.Debug|x64.ActiveCfg = Debug|Any CPU
		{4E05B02C-23CC-4246-B921-54DC2D94F8B4}.Debug|x64.Build.0 = Debug|Any CPU
		{4E05B02C-23CC-4246-B921-54DC2D94F8B4}.Debug|x64.Deploy.0 = Debug|Any CPU
		{4E05B02C-23CC-4246-B921-54DC2D94F8B4}.Debug|x86.ActiveCfg = Debug|Any CPU
		{4E05B02C-23CC-4246-B921-54DC2D94F8B4}.Debug|x86.Build.0 = Debug|Any CPU
		{4E05B02C-23CC-4246-B921-54DC2D94F8B4}.Debug|x86.Deploy.0 = Debug|Any CPU
		{4E05B02C-23CC-4246-B921-54DC2D94F8B4}.Release|Any CPU.ActiveCfg = Release|Any CPU
		{4E05B02C-23CC-4246-B921-54DC2D94F8B4}.Release|Any CPU.Build.0 = Release|Any CPU
		{4E05B02C-23CC-4246-B921-54DC2D94F8B4}.Release|Any CPU.Deploy.0 = Release|Any CPU
		{4E05B02C-23CC-4246-B921-54DC2D94F8B4}.Release|ARM.ActiveCfg = Release|Any CPU
		{4E05B02C-23CC-4246-B921-54DC2D94F8B4}.Release|ARM.Build.0 = Release|Any CPU
		{4E05B02C-23CC-4246-B921-54DC2D94F8B4}.Release|ARM.Deploy.0 = Release|Any CPU
		{4E05B02C-23CC-4246-B921-54DC2D94F8B4}.Release|iPhone.ActiveCfg = Release|Any CPU
		{4E05B02C-23CC-4246-B921-54DC2D94F8B4}.Release|iPhone.Build.0 = Release|Any CPU
		{4E05B02C-23CC-4246-B921-54DC2D94F8B4}.Release|iPhone.Deploy.0 = Release|Any CPU
		{4E05B02C-23CC-4246-B921-54DC2D94F8B4}.Release|iPhoneSimulator.ActiveCfg = Release|Any CPU
		{4E05B02C-23CC-4246-B921-54DC2D94F8B4}.Release|iPhoneSimulator.Build.0 = Release|Any CPU
		{4E05B02C-23CC-4246-B921-54DC2D94F8B4}.Release|iPhoneSimulator.Deploy.0 = Release|Any CPU
		{4E05B02C-23CC-4246-B921-54DC2D94F8B4}.Release|x64.ActiveCfg = Release|Any CPU
		{4E05B02C-23CC-4246-B921-54DC2D94F8B4}.Release|x64.Build.0 = Release|Any CPU
		{4E05B02C-23CC-4246-B921-54DC2D94F8B4}.Release|x64.Deploy.0 = Release|Any CPU
		{4E05B02C-23CC-4246-B921-54DC2D94F8B4}.Release|x86.ActiveCfg = Release|Any CPU
		{4E05B02C-23CC-4246-B921-54DC2D94F8B4}.Release|x86.Build.0 = Release|Any CPU
		{4E05B02C-23CC-4246-B921-54DC2D94F8B4}.Release|x86.Deploy.0 = Release|Any CPU
		{8E1B2C94-BE33-4678-885F-8CF5A45AC700}.Ad-Hoc|Any CPU.ActiveCfg = Ad-Hoc|iPhone
		{8E1B2C94-BE33-4678-885F-8CF5A45AC700}.Ad-Hoc|Any CPU.Build.0 = Ad-Hoc|iPhone
		{8E1B2C94-BE33-4678-885F-8CF5A45AC700}.Ad-Hoc|Any CPU.Deploy.0 = Ad-Hoc|iPhone
		{8E1B2C94-BE33-4678-885F-8CF5A45AC700}.Ad-Hoc|ARM.ActiveCfg = Ad-Hoc|iPhone
		{8E1B2C94-BE33-4678-885F-8CF5A45AC700}.Ad-Hoc|ARM.Build.0 = Ad-Hoc|iPhone
		{8E1B2C94-BE33-4678-885F-8CF5A45AC700}.Ad-Hoc|ARM.Deploy.0 = Ad-Hoc|iPhone
		{8E1B2C94-BE33-4678-885F-8CF5A45AC700}.Ad-Hoc|iPhone.ActiveCfg = Ad-Hoc|iPhone
		{8E1B2C94-BE33-4678-885F-8CF5A45AC700}.Ad-Hoc|iPhone.Build.0 = Ad-Hoc|iPhone
		{8E1B2C94-BE33-4678-885F-8CF5A45AC700}.Ad-Hoc|iPhone.Deploy.0 = Ad-Hoc|iPhone
		{8E1B2C94-BE33-4678-885F-8CF5A45AC700}.Ad-Hoc|iPhoneSimulator.ActiveCfg = Ad-Hoc|iPhoneSimulator
		{8E1B2C94-BE33-4678-885F-8CF5A45AC700}.Ad-Hoc|iPhoneSimulator.Build.0 = Ad-Hoc|iPhoneSimulator
		{8E1B2C94-BE33-4678-885F-8CF5A45AC700}.Ad-Hoc|iPhoneSimulator.Deploy.0 = Ad-Hoc|iPhoneSimulator
		{8E1B2C94-BE33-4678-885F-8CF5A45AC700}.Ad-Hoc|x64.ActiveCfg = Ad-Hoc|iPhone
		{8E1B2C94-BE33-4678-885F-8CF5A45AC700}.Ad-Hoc|x64.Build.0 = Ad-Hoc|iPhone
		{8E1B2C94-BE33-4678-885F-8CF5A45AC700}.Ad-Hoc|x64.Deploy.0 = Ad-Hoc|iPhone
		{8E1B2C94-BE33-4678-885F-8CF5A45AC700}.Ad-Hoc|x86.ActiveCfg = Ad-Hoc|iPhone
		{8E1B2C94-BE33-4678-885F-8CF5A45AC700}.Ad-Hoc|x86.Build.0 = Ad-Hoc|iPhone
		{8E1B2C94-BE33-4678-885F-8CF5A45AC700}.Ad-Hoc|x86.Deploy.0 = Ad-Hoc|iPhone
		{8E1B2C94-BE33-4678-885F-8CF5A45AC700}.AppStore|Any CPU.ActiveCfg = AppStore|iPhone
		{8E1B2C94-BE33-4678-885F-8CF5A45AC700}.AppStore|Any CPU.Build.0 = AppStore|iPhone
		{8E1B2C94-BE33-4678-885F-8CF5A45AC700}.AppStore|Any CPU.Deploy.0 = AppStore|iPhone
		{8E1B2C94-BE33-4678-885F-8CF5A45AC700}.AppStore|ARM.ActiveCfg = AppStore|iPhone
		{8E1B2C94-BE33-4678-885F-8CF5A45AC700}.AppStore|ARM.Build.0 = AppStore|iPhone
		{8E1B2C94-BE33-4678-885F-8CF5A45AC700}.AppStore|ARM.Deploy.0 = AppStore|iPhone
		{8E1B2C94-BE33-4678-885F-8CF5A45AC700}.AppStore|iPhone.ActiveCfg = AppStore|iPhone
		{8E1B2C94-BE33-4678-885F-8CF5A45AC700}.AppStore|iPhone.Build.0 = AppStore|iPhone
		{8E1B2C94-BE33-4678-885F-8CF5A45AC700}.AppStore|iPhone.Deploy.0 = AppStore|iPhone
		{8E1B2C94-BE33-4678-885F-8CF5A45AC700}.AppStore|iPhoneSimulator.ActiveCfg = AppStore|iPhoneSimulator
		{8E1B2C94-BE33-4678-885F-8CF5A45AC700}.AppStore|iPhoneSimulator.Build.0 = AppStore|iPhoneSimulator
		{8E1B2C94-BE33-4678-885F-8CF5A45AC700}.AppStore|iPhoneSimulator.Deploy.0 = AppStore|iPhoneSimulator
		{8E1B2C94-BE33-4678-885F-8CF5A45AC700}.AppStore|x64.ActiveCfg = AppStore|iPhone
		{8E1B2C94-BE33-4678-885F-8CF5A45AC700}.AppStore|x64.Build.0 = AppStore|iPhone
		{8E1B2C94-BE33-4678-885F-8CF5A45AC700}.AppStore|x64.Deploy.0 = AppStore|iPhone
		{8E1B2C94-BE33-4678-885F-8CF5A45AC700}.AppStore|x86.ActiveCfg = AppStore|iPhone
		{8E1B2C94-BE33-4678-885F-8CF5A45AC700}.AppStore|x86.Build.0 = AppStore|iPhone
		{8E1B2C94-BE33-4678-885F-8CF5A45AC700}.AppStore|x86.Deploy.0 = AppStore|iPhone
		{8E1B2C94-BE33-4678-885F-8CF5A45AC700}.Debug|Any CPU.ActiveCfg = Debug|iPhoneSimulator
		{8E1B2C94-BE33-4678-885F-8CF5A45AC700}.Debug|Any CPU.Build.0 = Debug|iPhoneSimulator
		{8E1B2C94-BE33-4678-885F-8CF5A45AC700}.Debug|Any CPU.Deploy.0 = Debug|iPhoneSimulator
		{8E1B2C94-BE33-4678-885F-8CF5A45AC700}.Debug|ARM.ActiveCfg = Debug|iPhone
		{8E1B2C94-BE33-4678-885F-8CF5A45AC700}.Debug|ARM.Build.0 = Debug|iPhone
		{8E1B2C94-BE33-4678-885F-8CF5A45AC700}.Debug|ARM.Deploy.0 = Debug|iPhone
		{8E1B2C94-BE33-4678-885F-8CF5A45AC700}.Debug|iPhone.ActiveCfg = Debug|iPhone
		{8E1B2C94-BE33-4678-885F-8CF5A45AC700}.Debug|iPhone.Build.0 = Debug|iPhone
		{8E1B2C94-BE33-4678-885F-8CF5A45AC700}.Debug|iPhone.Deploy.0 = Debug|iPhone
		{8E1B2C94-BE33-4678-885F-8CF5A45AC700}.Debug|iPhoneSimulator.ActiveCfg = Debug|iPhoneSimulator
		{8E1B2C94-BE33-4678-885F-8CF5A45AC700}.Debug|iPhoneSimulator.Build.0 = Debug|iPhoneSimulator
		{8E1B2C94-BE33-4678-885F-8CF5A45AC700}.Debug|iPhoneSimulator.Deploy.0 = Debug|iPhoneSimulator
		{8E1B2C94-BE33-4678-885F-8CF5A45AC700}.Debug|x64.ActiveCfg = Debug|iPhone
		{8E1B2C94-BE33-4678-885F-8CF5A45AC700}.Debug|x64.Build.0 = Debug|iPhone
		{8E1B2C94-BE33-4678-885F-8CF5A45AC700}.Debug|x64.Deploy.0 = Debug|iPhone
		{8E1B2C94-BE33-4678-885F-8CF5A45AC700}.Debug|x86.ActiveCfg = Debug|iPhone
		{8E1B2C94-BE33-4678-885F-8CF5A45AC700}.Debug|x86.Build.0 = Debug|iPhone
		{8E1B2C94-BE33-4678-885F-8CF5A45AC700}.Debug|x86.Deploy.0 = Debug|iPhone
		{8E1B2C94-BE33-4678-885F-8CF5A45AC700}.Release|Any CPU.ActiveCfg = Release|iPhone
		{8E1B2C94-BE33-4678-885F-8CF5A45AC700}.Release|Any CPU.Build.0 = Release|iPhone
		{8E1B2C94-BE33-4678-885F-8CF5A45AC700}.Release|Any CPU.Deploy.0 = Release|iPhone
		{8E1B2C94-BE33-4678-885F-8CF5A45AC700}.Release|ARM.ActiveCfg = Release|iPhone
		{8E1B2C94-BE33-4678-885F-8CF5A45AC700}.Release|ARM.Build.0 = Release|iPhone
		{8E1B2C94-BE33-4678-885F-8CF5A45AC700}.Release|ARM.Deploy.0 = Release|iPhone
		{8E1B2C94-BE33-4678-885F-8CF5A45AC700}.Release|iPhone.ActiveCfg = Release|iPhone
		{8E1B2C94-BE33-4678-885F-8CF5A45AC700}.Release|iPhone.Build.0 = Release|iPhone
		{8E1B2C94-BE33-4678-885F-8CF5A45AC700}.Release|iPhone.Deploy.0 = Release|iPhone
		{8E1B2C94-BE33-4678-885F-8CF5A45AC700}.Release|iPhoneSimulator.ActiveCfg = Release|iPhoneSimulator
		{8E1B2C94-BE33-4678-885F-8CF5A45AC700}.Release|iPhoneSimulator.Build.0 = Release|iPhoneSimulator
		{8E1B2C94-BE33-4678-885F-8CF5A45AC700}.Release|iPhoneSimulator.Deploy.0 = Release|iPhoneSimulator
		{8E1B2C94-BE33-4678-885F-8CF5A45AC700}.Release|x64.ActiveCfg = Release|iPhone
		{8E1B2C94-BE33-4678-885F-8CF5A45AC700}.Release|x64.Build.0 = Release|iPhone
		{8E1B2C94-BE33-4678-885F-8CF5A45AC700}.Release|x64.Deploy.0 = Release|iPhone
		{8E1B2C94-BE33-4678-885F-8CF5A45AC700}.Release|x86.ActiveCfg = Release|iPhone
		{8E1B2C94-BE33-4678-885F-8CF5A45AC700}.Release|x86.Build.0 = Release|iPhone
		{8E1B2C94-BE33-4678-885F-8CF5A45AC700}.Release|x86.Deploy.0 = Release|iPhone
		{ED6954F0-1098-4E49-AF15-586B845C23DE}.Ad-Hoc|Any CPU.ActiveCfg = Release|x86
		{ED6954F0-1098-4E49-AF15-586B845C23DE}.Ad-Hoc|Any CPU.Build.0 = Release|x86
		{ED6954F0-1098-4E49-AF15-586B845C23DE}.Ad-Hoc|Any CPU.Deploy.0 = Release|x86
		{ED6954F0-1098-4E49-AF15-586B845C23DE}.Ad-Hoc|ARM.ActiveCfg = Release|ARM
		{ED6954F0-1098-4E49-AF15-586B845C23DE}.Ad-Hoc|ARM.Build.0 = Release|ARM
		{ED6954F0-1098-4E49-AF15-586B845C23DE}.Ad-Hoc|ARM.Deploy.0 = Release|ARM
		{ED6954F0-1098-4E49-AF15-586B845C23DE}.Ad-Hoc|iPhone.ActiveCfg = Release|x86
		{ED6954F0-1098-4E49-AF15-586B845C23DE}.Ad-Hoc|iPhone.Build.0 = Release|x86
		{ED6954F0-1098-4E49-AF15-586B845C23DE}.Ad-Hoc|iPhone.Deploy.0 = Release|x86
		{ED6954F0-1098-4E49-AF15-586B845C23DE}.Ad-Hoc|iPhoneSimulator.ActiveCfg = Release|x86
		{ED6954F0-1098-4E49-AF15-586B845C23DE}.Ad-Hoc|iPhoneSimulator.Build.0 = Release|x86
		{ED6954F0-1098-4E49-AF15-586B845C23DE}.Ad-Hoc|iPhoneSimulator.Deploy.0 = Release|x86
		{ED6954F0-1098-4E49-AF15-586B845C23DE}.Ad-Hoc|x64.ActiveCfg = Release|x64
		{ED6954F0-1098-4E49-AF15-586B845C23DE}.Ad-Hoc|x64.Build.0 = Release|x64
		{ED6954F0-1098-4E49-AF15-586B845C23DE}.Ad-Hoc|x64.Deploy.0 = Release|x64
		{ED6954F0-1098-4E49-AF15-586B845C23DE}.Ad-Hoc|x86.ActiveCfg = Release|x86
		{ED6954F0-1098-4E49-AF15-586B845C23DE}.Ad-Hoc|x86.Build.0 = Release|x86
		{ED6954F0-1098-4E49-AF15-586B845C23DE}.Ad-Hoc|x86.Deploy.0 = Release|x86
		{ED6954F0-1098-4E49-AF15-586B845C23DE}.AppStore|Any CPU.ActiveCfg = Release|x86
		{ED6954F0-1098-4E49-AF15-586B845C23DE}.AppStore|Any CPU.Build.0 = Release|x86
		{ED6954F0-1098-4E49-AF15-586B845C23DE}.AppStore|Any CPU.Deploy.0 = Release|x86
		{ED6954F0-1098-4E49-AF15-586B845C23DE}.AppStore|ARM.ActiveCfg = Release|ARM
		{ED6954F0-1098-4E49-AF15-586B845C23DE}.AppStore|ARM.Build.0 = Release|ARM
		{ED6954F0-1098-4E49-AF15-586B845C23DE}.AppStore|ARM.Deploy.0 = Release|ARM
		{ED6954F0-1098-4E49-AF15-586B845C23DE}.AppStore|iPhone.ActiveCfg = Release|x86
		{ED6954F0-1098-4E49-AF15-586B845C23DE}.AppStore|iPhone.Build.0 = Release|x86
		{ED6954F0-1098-4E49-AF15-586B845C23DE}.AppStore|iPhone.Deploy.0 = Release|x86
		{ED6954F0-1098-4E49-AF15-586B845C23DE}.AppStore|iPhoneSimulator.ActiveCfg = Release|x86
		{ED6954F0-1098-4E49-AF15-586B845C23DE}.AppStore|iPhoneSimulator.Build.0 = Release|x86
		{ED6954F0-1098-4E49-AF15-586B845C23DE}.AppStore|iPhoneSimulator.Deploy.0 = Release|x86
		{ED6954F0-1098-4E49-AF15-586B845C23DE}.AppStore|x64.ActiveCfg = Release|x64
		{ED6954F0-1098-4E49-AF15-586B845C23DE}.AppStore|x64.Build.0 = Release|x64
		{ED6954F0-1098-4E49-AF15-586B845C23DE}.AppStore|x64.Deploy.0 = Release|x64
		{ED6954F0-1098-4E49-AF15-586B845C23DE}.AppStore|x86.ActiveCfg = Release|x86
		{ED6954F0-1098-4E49-AF15-586B845C23DE}.AppStore|x86.Build.0 = Release|x86
		{ED6954F0-1098-4E49-AF15-586B845C23DE}.AppStore|x86.Deploy.0 = Release|x86
		{ED6954F0-1098-4E49-AF15-586B845C23DE}.Debug|Any CPU.ActiveCfg = Debug|x86
		{ED6954F0-1098-4E49-AF15-586B845C23DE}.Debug|Any CPU.Build.0 = Debug|x86
		{ED6954F0-1098-4E49-AF15-586B845C23DE}.Debug|Any CPU.Deploy.0 = Debug|x86
		{ED6954F0-1098-4E49-AF15-586B845C23DE}.Debug|ARM.ActiveCfg = Debug|ARM
		{ED6954F0-1098-4E49-AF15-586B845C23DE}.Debug|ARM.Build.0 = Debug|ARM
		{ED6954F0-1098-4E49-AF15-586B845C23DE}.Debug|ARM.Deploy.0 = Debug|ARM
		{ED6954F0-1098-4E49-AF15-586B845C23DE}.Debug|iPhone.ActiveCfg = Debug|x86
		{ED6954F0-1098-4E49-AF15-586B845C23DE}.Debug|iPhone.Build.0 = Debug|x86
		{ED6954F0-1098-4E49-AF15-586B845C23DE}.Debug|iPhone.Deploy.0 = Debug|x86
		{ED6954F0-1098-4E49-AF15-586B845C23DE}.Debug|iPhoneSimulator.ActiveCfg = Debug|x86
		{ED6954F0-1098-4E49-AF15-586B845C23DE}.Debug|iPhoneSimulator.Build.0 = Debug|x86
		{ED6954F0-1098-4E49-AF15-586B845C23DE}.Debug|iPhoneSimulator.Deploy.0 = Debug|x86
		{ED6954F0-1098-4E49-AF15-586B845C23DE}.Debug|x64.ActiveCfg = Debug|x64
		{ED6954F0-1098-4E49-AF15-586B845C23DE}.Debug|x64.Build.0 = Debug|x64
		{ED6954F0-1098-4E49-AF15-586B845C23DE}.Debug|x64.Deploy.0 = Debug|x64
		{ED6954F0-1098-4E49-AF15-586B845C23DE}.Debug|x86.ActiveCfg = Debug|x86
		{ED6954F0-1098-4E49-AF15-586B845C23DE}.Debug|x86.Build.0 = Debug|x86
		{ED6954F0-1098-4E49-AF15-586B845C23DE}.Debug|x86.Deploy.0 = Debug|x86
		{ED6954F0-1098-4E49-AF15-586B845C23DE}.Release|Any CPU.ActiveCfg = Release|x86
		{ED6954F0-1098-4E49-AF15-586B845C23DE}.Release|Any CPU.Build.0 = Release|x86
		{ED6954F0-1098-4E49-AF15-586B845C23DE}.Release|Any CPU.Deploy.0 = Release|x86
		{ED6954F0-1098-4E49-AF15-586B845C23DE}.Release|ARM.ActiveCfg = Release|ARM
		{ED6954F0-1098-4E49-AF15-586B845C23DE}.Release|ARM.Build.0 = Release|ARM
		{ED6954F0-1098-4E49-AF15-586B845C23DE}.Release|ARM.Deploy.0 = Release|ARM
		{ED6954F0-1098-4E49-AF15-586B845C23DE}.Release|iPhone.ActiveCfg = Release|x86
		{ED6954F0-1098-4E49-AF15-586B845C23DE}.Release|iPhone.Build.0 = Release|x86
		{ED6954F0-1098-4E49-AF15-586B845C23DE}.Release|iPhone.Deploy.0 = Release|x86
		{ED6954F0-1098-4E49-AF15-586B845C23DE}.Release|iPhoneSimulator.ActiveCfg = Release|x86
		{ED6954F0-1098-4E49-AF15-586B845C23DE}.Release|iPhoneSimulator.Build.0 = Release|x86
		{ED6954F0-1098-4E49-AF15-586B845C23DE}.Release|iPhoneSimulator.Deploy.0 = Release|x86
		{ED6954F0-1098-4E49-AF15-586B845C23DE}.Release|x64.ActiveCfg = Release|x64
		{ED6954F0-1098-4E49-AF15-586B845C23DE}.Release|x64.Build.0 = Release|x64
		{ED6954F0-1098-4E49-AF15-586B845C23DE}.Release|x64.Deploy.0 = Release|x64
		{ED6954F0-1098-4E49-AF15-586B845C23DE}.Release|x86.ActiveCfg = Release|x86
		{ED6954F0-1098-4E49-AF15-586B845C23DE}.Release|x86.Build.0 = Release|x86
		{ED6954F0-1098-4E49-AF15-586B845C23DE}.Release|x86.Deploy.0 = Release|x86
		{C659250B-224C-445E-B379-D0BE9F53A01C}.Ad-Hoc|Any CPU.ActiveCfg = Debug|Any CPU
		{C659250B-224C-445E-B379-D0BE9F53A01C}.Ad-Hoc|Any CPU.Build.0 = Debug|Any CPU
		{C659250B-224C-445E-B379-D0BE9F53A01C}.Ad-Hoc|Any CPU.Deploy.0 = Debug|Any CPU
		{C659250B-224C-445E-B379-D0BE9F53A01C}.Ad-Hoc|ARM.ActiveCfg = Debug|Any CPU
		{C659250B-224C-445E-B379-D0BE9F53A01C}.Ad-Hoc|ARM.Build.0 = Debug|Any CPU
		{C659250B-224C-445E-B379-D0BE9F53A01C}.Ad-Hoc|ARM.Deploy.0 = Debug|Any CPU
		{C659250B-224C-445E-B379-D0BE9F53A01C}.Ad-Hoc|iPhone.ActiveCfg = Debug|Any CPU
		{C659250B-224C-445E-B379-D0BE9F53A01C}.Ad-Hoc|iPhone.Build.0 = Debug|Any CPU
		{C659250B-224C-445E-B379-D0BE9F53A01C}.Ad-Hoc|iPhone.Deploy.0 = Debug|Any CPU
		{C659250B-224C-445E-B379-D0BE9F53A01C}.Ad-Hoc|iPhoneSimulator.ActiveCfg = Debug|Any CPU
		{C659250B-224C-445E-B379-D0BE9F53A01C}.Ad-Hoc|iPhoneSimulator.Build.0 = Debug|Any CPU
		{C659250B-224C-445E-B379-D0BE9F53A01C}.Ad-Hoc|iPhoneSimulator.Deploy.0 = Debug|Any CPU
		{C659250B-224C-445E-B379-D0BE9F53A01C}.Ad-Hoc|x64.ActiveCfg = Debug|Any CPU
		{C659250B-224C-445E-B379-D0BE9F53A01C}.Ad-Hoc|x64.Build.0 = Debug|Any CPU
		{C659250B-224C-445E-B379-D0BE9F53A01C}.Ad-Hoc|x64.Deploy.0 = Debug|Any CPU
		{C659250B-224C-445E-B379-D0BE9F53A01C}.Ad-Hoc|x86.ActiveCfg = Debug|Any CPU
		{C659250B-224C-445E-B379-D0BE9F53A01C}.Ad-Hoc|x86.Build.0 = Debug|Any CPU
		{C659250B-224C-445E-B379-D0BE9F53A01C}.Ad-Hoc|x86.Deploy.0 = Debug|Any CPU
		{C659250B-224C-445E-B379-D0BE9F53A01C}.AppStore|Any CPU.ActiveCfg = Debug|Any CPU
		{C659250B-224C-445E-B379-D0BE9F53A01C}.AppStore|Any CPU.Build.0 = Debug|Any CPU
		{C659250B-224C-445E-B379-D0BE9F53A01C}.AppStore|Any CPU.Deploy.0 = Debug|Any CPU
		{C659250B-224C-445E-B379-D0BE9F53A01C}.AppStore|ARM.ActiveCfg = Debug|Any CPU
		{C659250B-224C-445E-B379-D0BE9F53A01C}.AppStore|ARM.Build.0 = Debug|Any CPU
		{C659250B-224C-445E-B379-D0BE9F53A01C}.AppStore|ARM.Deploy.0 = Debug|Any CPU
		{C659250B-224C-445E-B379-D0BE9F53A01C}.AppStore|iPhone.ActiveCfg = Debug|Any CPU
		{C659250B-224C-445E-B379-D0BE9F53A01C}.AppStore|iPhone.Build.0 = Debug|Any CPU
		{C659250B-224C-445E-B379-D0BE9F53A01C}.AppStore|iPhone.Deploy.0 = Debug|Any CPU
		{C659250B-224C-445E-B379-D0BE9F53A01C}.AppStore|iPhoneSimulator.ActiveCfg = Debug|Any CPU
		{C659250B-224C-445E-B379-D0BE9F53A01C}.AppStore|iPhoneSimulator.Build.0 = Debug|Any CPU
		{C659250B-224C-445E-B379-D0BE9F53A01C}.AppStore|iPhoneSimulator.Deploy.0 = Debug|Any CPU
		{C659250B-224C-445E-B379-D0BE9F53A01C}.AppStore|x64.ActiveCfg = Debug|Any CPU
		{C659250B-224C-445E-B379-D0BE9F53A01C}.AppStore|x64.Build.0 = Debug|Any CPU
		{C659250B-224C-445E-B379-D0BE9F53A01C}.AppStore|x64.Deploy.0 = Debug|Any CPU
		{C659250B-224C-445E-B379-D0BE9F53A01C}.AppStore|x86.ActiveCfg = Debug|Any CPU
		{C659250B-224C-445E-B379-D0BE9F53A01C}.AppStore|x86.Build.0 = Debug|Any CPU
		{C659250B-224C-445E-B379-D0BE9F53A01C}.AppStore|x86.Deploy.0 = Debug|Any CPU
		{C659250B-224C-445E-B379-D0BE9F53A01C}.Debug|Any CPU.ActiveCfg = Debug|Any CPU
		{C659250B-224C-445E-B379-D0BE9F53A01C}.Debug|Any CPU.Build.0 = Debug|Any CPU
		{C659250B-224C-445E-B379-D0BE9F53A01C}.Debug|Any CPU.Deploy.0 = Debug|Any CPU
		{C659250B-224C-445E-B379-D0BE9F53A01C}.Debug|ARM.ActiveCfg = Debug|Any CPU
		{C659250B-224C-445E-B379-D0BE9F53A01C}.Debug|ARM.Build.0 = Debug|Any CPU
		{C659250B-224C-445E-B379-D0BE9F53A01C}.Debug|ARM.Deploy.0 = Debug|Any CPU
		{C659250B-224C-445E-B379-D0BE9F53A01C}.Debug|iPhone.ActiveCfg = Debug|Any CPU
		{C659250B-224C-445E-B379-D0BE9F53A01C}.Debug|iPhone.Build.0 = Debug|Any CPU
		{C659250B-224C-445E-B379-D0BE9F53A01C}.Debug|iPhone.Deploy.0 = Debug|Any CPU
		{C659250B-224C-445E-B379-D0BE9F53A01C}.Debug|iPhoneSimulator.ActiveCfg = Debug|Any CPU
		{C659250B-224C-445E-B379-D0BE9F53A01C}.Debug|iPhoneSimulator.Build.0 = Debug|Any CPU
		{C659250B-224C-445E-B379-D0BE9F53A01C}.Debug|iPhoneSimulator.Deploy.0 = Debug|Any CPU
		{C659250B-224C-445E-B379-D0BE9F53A01C}.Debug|x64.ActiveCfg = Debug|Any CPU
		{C659250B-224C-445E-B379-D0BE9F53A01C}.Debug|x64.Build.0 = Debug|Any CPU
		{C659250B-224C-445E-B379-D0BE9F53A01C}.Debug|x64.Deploy.0 = Debug|Any CPU
		{C659250B-224C-445E-B379-D0BE9F53A01C}.Debug|x86.ActiveCfg = Debug|Any CPU
		{C659250B-224C-445E-B379-D0BE9F53A01C}.Debug|x86.Build.0 = Debug|Any CPU
		{C659250B-224C-445E-B379-D0BE9F53A01C}.Debug|x86.Deploy.0 = Debug|Any CPU
		{C659250B-224C-445E-B379-D0BE9F53A01C}.Release|Any CPU.ActiveCfg = Release|Any CPU
		{C659250B-224C-445E-B379-D0BE9F53A01C}.Release|Any CPU.Build.0 = Release|Any CPU
		{C659250B-224C-445E-B379-D0BE9F53A01C}.Release|Any CPU.Deploy.0 = Release|Any CPU
		{C659250B-224C-445E-B379-D0BE9F53A01C}.Release|ARM.ActiveCfg = Release|Any CPU
		{C659250B-224C-445E-B379-D0BE9F53A01C}.Release|ARM.Build.0 = Release|Any CPU
		{C659250B-224C-445E-B379-D0BE9F53A01C}.Release|ARM.Deploy.0 = Release|Any CPU
		{C659250B-224C-445E-B379-D0BE9F53A01C}.Release|iPhone.ActiveCfg = Release|Any CPU
		{C659250B-224C-445E-B379-D0BE9F53A01C}.Release|iPhone.Build.0 = Release|Any CPU
		{C659250B-224C-445E-B379-D0BE9F53A01C}.Release|iPhone.Deploy.0 = Release|Any CPU
		{C659250B-224C-445E-B379-D0BE9F53A01C}.Release|iPhoneSimulator.ActiveCfg = Release|Any CPU
		{C659250B-224C-445E-B379-D0BE9F53A01C}.Release|iPhoneSimulator.Build.0 = Release|Any CPU
		{C659250B-224C-445E-B379-D0BE9F53A01C}.Release|iPhoneSimulator.Deploy.0 = Release|Any CPU
		{C659250B-224C-445E-B379-D0BE9F53A01C}.Release|x64.ActiveCfg = Release|Any CPU
		{C659250B-224C-445E-B379-D0BE9F53A01C}.Release|x64.Build.0 = Release|Any CPU
		{C659250B-224C-445E-B379-D0BE9F53A01C}.Release|x64.Deploy.0 = Release|Any CPU
		{C659250B-224C-445E-B379-D0BE9F53A01C}.Release|x86.ActiveCfg = Release|Any CPU
		{C659250B-224C-445E-B379-D0BE9F53A01C}.Release|x86.Build.0 = Release|Any CPU
		{C659250B-224C-445E-B379-D0BE9F53A01C}.Release|x86.Deploy.0 = Release|Any CPU
	EndGlobalSection
	GlobalSection(SolutionProperties) = preSolution
		HideSolutionNode = FALSE
	EndGlobalSection
	GlobalSection(ExtensibilityGlobals) = postSolution
		SolutionGuid = {3D09DD9F-BC99-47E6-BEA9-ECC35AC58B9A}
	EndGlobalSection
EndGlobal
